
Microsoft Visual Studio Solution File, Format Version 12.00
# Visual Studio Version 16
VisualStudioVersion = 16.0.29306.81
MinimumVisualStudioVersion = 10.0.40219.1
Project("{FAE04EC0-301F-11D3-BF4B-00C04F79EFBC}") = "CarRental", "CarRental.csproj", "{2589CA2C-4728-4E6D-AC0C-7657118B2A7A}"
EndProject
Global
	GlobalSection(SolutionConfigurationPlatforms) = preSolution
		Debug|Any CPU = Debug|Any CPU
		Release|Any CPU = Release|Any CPU
	EndGlobalSection
	GlobalSection(ProjectConfigurationPlatforms) = postSolution
		{2589CA2C-4728-4E6D-AC0C-7657118B2A7A}.Debug|Any CPU.ActiveCfg = Debug|Any CPU
		{2589CA2C-4728-4E6D-AC0C-7657118B2A7A}.Debug|Any CPU.Build.0 = Debug|Any CPU
		{2589CA2C-4728-4E6D-AC0C-7657118B2A7A}.Release|Any CPU.ActiveCfg = Release|Any CPU
		{2589CA2C-4728-4E6D-AC0C-7657118B2A7A}.Release|Any CPU.Build.0 = Release|Any CPU
	EndGlobalSection
	GlobalSection(SolutionProperties) = preSolution
		HideSolutionNode = FALSE
	EndGlobalSection
	GlobalSection(ExtensibilityGlobals) = postSolution
		SolutionGuid = {E5B1CE0C-F905-4FB1-BB08-BDDF9102324E}
	EndGlobalSection
EndGlobal
